
Microsoft Visual Studio Solution File, Format Version 12.00
# Visual Studio Version 17
VisualStudioVersion = 17.0.32014.148
MinimumVisualStudioVersion = 10.0.40219.1
Project("{9A19103F-16F7-4668-BE54-9A1E7A4F7556}") = "Bookstore.API", "Bookstore.API\Bookstore.API.csproj", "{23D1D3EC-B026-4267-9B7F-92DB590BAA80}"
EndProject
Project("{9A19103F-16F7-4668-BE54-9A1E7A4F7556}") = "Bookstore.Domain", "Bookstore.Domain\Bookstore.Domain.csproj", "{D9A02554-FBA8-4239-AB2D-735437B3C7DE}"
EndProject
Project("{9A19103F-16F7-4668-BE54-9A1E7A4F7556}") = "Bookstore.Application", "Bookstore.Application\Bookstore.Application.csproj", "{16444C69-1893-49AB-8152-BF04595BD5B0}"
EndProject
Project("{9A19103F-16F7-4668-BE54-9A1E7A4F7556}") = "Bookstore.Infra", "Bookstore.Infra\Bookstore.Infra.csproj", "{2EF808AE-74BF-4D0A-A70F-F1A65FE5D0C6}"
EndProject
Global
	GlobalSection(SolutionConfigurationPlatforms) = preSolution
		Debug|Any CPU = Debug|Any CPU
		Release|Any CPU = Release|Any CPU
	EndGlobalSection
	GlobalSection(ProjectConfigurationPlatforms) = postSolution
		{23D1D3EC-B026-4267-9B7F-92DB590BAA80}.Debug|Any CPU.ActiveCfg = Debug|Any CPU
		{23D1D3EC-B026-4267-9B7F-92DB590BAA80}.Debug|Any CPU.Build.0 = Debug|Any CPU
		{23D1D3EC-B026-4267-9B7F-92DB590BAA80}.Release|Any CPU.ActiveCfg = Release|Any CPU
		{23D1D3EC-B026-4267-9B7F-92DB590BAA80}.Release|Any CPU.Build.0 = Release|Any CPU
		{D9A02554-FBA8-4239-AB2D-735437B3C7DE}.Debug|Any CPU.ActiveCfg = Debug|Any CPU
		{D9A02554-FBA8-4239-AB2D-735437B3C7DE}.Debug|Any CPU.Build.0 = Debug|Any CPU
		{D9A02554-FBA8-4239-AB2D-735437B3C7DE}.Release|Any CPU.ActiveCfg = Release|Any CPU
		{D9A02554-FBA8-4239-AB2D-735437B3C7DE}.Release|Any CPU.Build.0 = Release|Any CPU
		{16444C69-1893-49AB-8152-BF04595BD5B0}.Debug|Any CPU.ActiveCfg = Debug|Any CPU
		{16444C69-1893-49AB-8152-BF04595BD5B0}.Debug|Any CPU.Build.0 = Debug|Any CPU
		{16444C69-1893-49AB-8152-BF04595BD5B0}.Release|Any CPU.ActiveCfg = Release|Any CPU
		{16444C69-1893-49AB-8152-BF04595BD5B0}.Release|Any CPU.Build.0 = Release|Any CPU
		{2EF808AE-74BF-4D0A-A70F-F1A65FE5D0C6}.Debug|Any CPU.ActiveCfg = Debug|Any CPU
		{2EF808AE-74BF-4D0A-A70F-F1A65FE5D0C6}.Debug|Any CPU.Build.0 = Debug|Any CPU
		{2EF808AE-74BF-4D0A-A70F-F1A65FE5D0C6}.Release|Any CPU.ActiveCfg = Release|Any CPU
		{2EF808AE-74BF-4D0A-A70F-F1A65FE5D0C6}.Release|Any CPU.Build.0 = Release|Any CPU
	EndGlobalSection
	GlobalSection(SolutionProperties) = preSolution
		HideSolutionNode = FALSE
	EndGlobalSection
	GlobalSection(ExtensibilityGlobals) = postSolution
		SolutionGuid = {54E57D47-23A0-46D5-A362-D2AFCF01FB38}
	EndGlobalSection
EndGlobal
